<?xml version="1.0" encoding="utf-8"?>
<Project ToolsVersion="4.0" xmlns="http://schemas.microsoft.com/developer/msbuild/2003">
  <ItemGroup>
    <Filter Include="Source Files">
      <UniqueIdentifier>{4FC737F1-C7A5-4376-A066-2A32D752A2FF}</UniqueIdentifier>
      <Extensions>cpp;c;cc;cxx;c++;cppm;ixx;def;odl;idl;hpj;bat;asm;asmx</Extensions>
    </Filter>
    <Filter Include="Header Files">
      <UniqueIdentifier>{93995380-89BD-4b04-88EB-625FBE52EBFB}</UniqueIdentifier>
      <Extensions>h;hh;hpp;hxx;h++;hm;inl;inc;ipp;xsd</Extensions>
    </Filter>
    <Filter Include="Resource Files">
      <UniqueIdentifier>{67DA6AB6-F800-4c08-8B7A-83BB121AAD01}</UniqueIdentifier>
      <Extensions>rc;ico;cur;bmp;dlg;rc2;rct;bin;rgs;gif;jpg;jpeg;jpe;resx;tiff;tif;png;wav;mfcribbon-ms</Extensions>
    </Filter>
    <Filter Include="Source Files\common">
      <UniqueIdentifier>{73412c5d-1959-4d03-820d-2c9244cbb5a1}</UniqueIdentifier>
    </Filter>
    <Filter Include="Header Files\cdrawMath">
      <UniqueIdentifier>{d5eebff0-0498-4112-bf95-5a9a1f18c461}</UniqueIdentifier>
    </Filter>
    <Filter Include="Header Files\cdrawMath\_inl">
      <UniqueIdentifier>{fe269746-05b9-45cc-a163-646a8068bb01}</UniqueIdentifier>
    </Filter>
    <Filter Include="Header Files\cdrawMath\type">
      <UniqueIdentifier>{b3d8d1a7-d91b-489c-baa2-57b1013380fe}</UniqueIdentifier>
    </Filter>
    <Filter Include="Header Files\cdrawMath\_inl\type">
      <UniqueIdentifier>{e85b6d90-fe57-45d1-99c9-5ff42379496a}</UniqueIdentifier>
    </Filter>
  </ItemGroup>
  <ItemGroup>
    <ClCompile Include="..\..\..\..\source\cdrawMath\common\cdrawMath.c">
      <Filter>Source Files\common</Filter>
    </ClCompile>
  </ItemGroup>
  <ItemGroup>
    <ClInclude Include="..\..\..\..\include\cdraw\cdrawMath\cdrawScalar.h">
      <Filter>Header Files\cdrawMath</Filter>
    </ClInclude>
    <ClInclude Include="..\..\..\..\include\cdraw\cdrawMath.h">
      <Filter>Header Files</Filter>
    </ClInclude>
    <ClInclude Include="..\..\..\..\include\cdraw\cdrawMath\cdrawVector.h">
      <Filter>Header Files\cdrawMath</Filter>
    </ClInclude>
    <ClInclude Include="..\..\..\..\include\cdraw\cdrawMath\type\cdrawScF.h">
      <Filter>Header Files\cdrawMath\type</Filter>
    </ClInclude>
    <ClInclude Include="..\..\..\..\include\cdraw\cdrawMath\type\cdrawScD.h">
      <Filter>Header Files\cdrawMath\type</Filter>
    </ClInclude>
    <ClInclude Include="..\..\..\..\include\cdraw\cdrawMath\type\cdrawSc.h">
      <Filter>Header Files\cdrawMath\type</Filter>
    </ClInclude>
    <ClInclude Include="..\..\..\..\include\cdraw\cdrawMath\type\cdrawVec2f.h">
      <Filter>Header Files\cdrawMath\type</Filter>
    </ClInclude>
    <ClInclude Include="..\..\..\..\include\cdraw\cdrawMath\type\cdrawVec2b.h">
      <Filter>Header Files\cdrawMath\type</Filter>
    </ClInclude>
    <ClInclude Include="..\..\..\..\include\cdraw\cdrawMath\type\cdrawVec2d.h">
      <Filter>Header Files\cdrawMath\type</Filter>
    </ClInclude>
    <ClInclude Include="..\..\..\..\include\cdraw\cdrawMath\type\cdrawVec2i.h">
      <Filter>Header Files\cdrawMath\type</Filter>
    </ClInclude>
    <ClInclude Include="..\..\..\..\include\cdraw\cdrawMath\type\cdrawVec2u.h">
      <Filter>Header Files\cdrawMath\type</Filter>
    </ClInclude>
    <ClInclude Include="..\..\..\..\include\cdraw\cdrawMath\type\cdrawVec2.h">
      <Filter>Header Files\cdrawMath\type</Filter>
    </ClInclude>
    <ClInclude Include="..\..\..\..\include\cdraw\cdrawMath\type\cdrawVec3.h">
      <Filter>Header Files\cdrawMath\type</Filter>
    </ClInclude>
    <ClInclude Include="..\..\..\..\include\cdraw\cdrawMath\type\cdrawVec3b.h">
      <Filter>Header Files\cdrawMath\type</Filter>
    </ClInclude>
    <ClInclude Include="..\..\..\..\include\cdraw\cdrawMath\type\cdrawVec3d.h">
      <Filter>Header Files\cdrawMath\type</Filter>
    </ClInclude>
    <ClInclude Include="..\..\..\..\include\cdraw\cdrawMath\type\cdrawVec3f.h">
      <Filter>Header Files\cdrawMath\type</Filter>
    </ClInclude>
    <ClInclude Include="..\..\..\..\include\cdraw\cdrawMath\type\cdrawVec3i.h">
      <Filter>Header Files\cdrawMath\type</Filter>
    </ClInclude>
    <ClInclude Include="..\..\..\..\include\cdraw\cdrawMath\type\cdrawVec3u.h">
      <Filter>Header Files\cdrawMath\type</Filter>
    </ClInclude>
    <ClInclude Include="..\..\..\..\include\cdraw\cdrawMath\type\cdrawVec4.h">
      <Filter>Header Files\cdrawMath\type</Filter>
    </ClInclude>
    <ClInclude Include="..\..\..\..\include\cdraw\cdrawMath\type\cdrawVec4b.h">
      <Filter>Header Files\cdrawMath\type</Filter>
    </ClInclude>
    <ClInclude Include="..\..\..\..\include\cdraw\cdrawMath\type\cdrawVec4d.h">
      <Filter>Header Files\cdrawMath\type</Filter>
    </ClInclude>
    <ClInclude Include="..\..\..\..\include\cdraw\cdrawMath\type\cdrawVec4f.h">
      <Filter>Header Files\cdrawMath\type</Filter>
    </ClInclude>
    <ClInclude Include="..\..\..\..\include\cdraw\cdrawMath\type\cdrawVec4i.h">
      <Filter>Header Files\cdrawMath\type</Filter>
    </ClInclude>
    <ClInclude Include="..\..\..\..\include\cdraw\cdrawMath\type\cdrawVec4u.h">
      <Filter>Header Files\cdrawMath\type</Filter>
    </ClInclude>
  </ItemGroup>
  <ItemGroup>
    <None Include="..\..\..\..\include\cdraw\cdrawMath\_inl\cdrawScalar.inl">
      <Filter>Header Files\cdrawMath\_inl</Filter>
    </None>
    <None Include="..\..\..\..\include\cdraw\cdrawMath\_inl\cdrawVector.inl">
      <Filter>Header Files\cdrawMath\_inl</Filter>
    </None>
    <None Include="..\..\..\..\include\cdraw\cdrawMath\_inl\type\cdrawScD.inl">
      <Filter>Header Files\cdrawMath\_inl\type</Filter>
    </None>
    <None Include="..\..\..\..\include\cdraw\cdrawMath\_inl\type\cdrawScF.inl">
      <Filter>Header Files\cdrawMath\_inl\type</Filter>
    </None>
    <None Include="..\..\..\..\include\cdraw\cdrawMath\_inl\type\cdrawVec2f.inl">
      <Filter>Header Files\cdrawMath\_inl\type</Filter>
    </None>
    <None Include="..\..\..\..\include\cdraw\cdrawMath\_inl\type\cdrawVec2b.inl">
      <Filter>Header Files\cdrawMath\_inl\type</Filter>
    </None>
    <None Include="..\..\..\..\include\cdraw\cdrawMath\_inl\type\cdrawVec2d.inl">
      <Filter>Header Files\cdrawMath\_inl\type</Filter>
    </None>
    <None Include="..\..\..\..\include\cdraw\cdrawMath\_inl\type\cdrawVec2i.inl">
      <Filter>Header Files\cdrawMath\_inl\type</Filter>
    </None>
    <None Include="..\..\..\..\include\cdraw\cdrawMath\_inl\type\cdrawVec2u.inl">
      <Filter>Header Files\cdrawMath\_inl\type</Filter>
    </None>
    <None Include="..\..\..\..\include\cdraw\cdrawMath\_inl\type\cdrawVec3b.inl">
      <Filter>Header Files\cdrawMath\_inl\type</Filter>
    </None>
    <None Include="..\..\..\..\include\cdraw\cdrawMath\_inl\type\cdrawVec3d.inl">
      <Filter>Header Files\cdrawMath\_inl\type</Filter>
    </None>
    <None Include="..\..\..\..\include\cdraw\cdrawMath\_inl\type\cdrawVec3f.inl">
      <Filter>Header Files\cdrawMath\_inl\type</Filter>
    </None>
    <None Include="..\..\..\..\include\cdraw\cdrawMath\_inl\type\cdrawVec3i.inl">
      <Filter>Header Files\cdrawMath\_inl\type</Filter>
    </None>
    <None Include="..\..\..\..\include\cdraw\cdrawMath\_inl\type\cdrawVec3u.inl">
      <Filter>Header Files\cdrawMath\_inl\type</Filter>
    </None>
    <None Include="..\..\..\..\include\cdraw\cdrawMath\_inl\type\cdrawVec4b.inl">
      <Filter>Header Files\cdrawMath\_inl\type</Filter>
    </None>
    <None Include="..\..\..\..\include\cdraw\cdrawMath\_inl\type\cdrawVec4d.inl">
      <Filter>Header Files\cdrawMath\_inl\type</Filter>
    </None>
    <None Include="..\..\..\..\include\cdraw\cdrawMath\_inl\type\cdrawVec4f.inl">
      <Filter>Header Files\cdrawMath\_inl\type</Filter>
    </None>
    <None Include="..\..\..\..\include\cdraw\cdrawMath\_inl\type\cdrawVec4i.inl">
      <Filter>Header Files\cdrawMath\_inl\type</Filter>
    </None>
    <None Include="..\..\..\..\include\cdraw\cdrawMath\_inl\type\cdrawVec4u.inl">
      <Filter>Header Files\cdrawMath\_inl\type</Filter>
    </None>
  </ItemGroup>
</Project>