<?xml version="1.0" encoding="utf-8"?>
<Project ToolsVersion="4.0" xmlns="http://schemas.microsoft.com/developer/msbuild/2003">
  <ItemGroup>
    <Filter Include="Source Files">
      <UniqueIdentifier>{4FC737F1-C7A5-4376-A066-2A32D752A2FF}</UniqueIdentifier>
      <Extensions>cpp;c;cc;cxx;c++;cppm;ixx;def;odl;idl;hpj;bat;asm;asmx</Extensions>
    </Filter>
    <Filter Include="Header Files">
      <UniqueIdentifier>{93995380-89BD-4b04-88EB-625FBE52EBFB}</UniqueIdentifier>
      <Extensions>h;hh;hpp;hxx;h++;hm;inl;inc;ipp;xsd</Extensions>
    </Filter>
    <Filter Include="Resource Files">
      <UniqueIdentifier>{67DA6AB6-F800-4c08-8B7A-83BB121AAD01}</UniqueIdentifier>
      <Extensions>rc;ico;cur;bmp;dlg;rc2;rct;bin;rgs;gif;jpg;jpeg;jpe;resx;tiff;tif;png;wav;mfcribbon-ms</Extensions>
    </Filter>
    <Filter Include="Source Files\_Windows">
      <UniqueIdentifier>{35608337-61ab-4bc8-b5f1-0c726693f3cb}</UniqueIdentifier>
    </Filter>
    <Filter Include="Source Files\common">
      <UniqueIdentifier>{62f05ce8-5738-42fa-8d5a-9dd3d964a62f}</UniqueIdentifier>
    </Filter>
    <Filter Include="Header Files\cdrawPlatform">
      <UniqueIdentifier>{a00cd3a0-c16d-4c02-81ae-2070281495d8}</UniqueIdentifier>
    </Filter>
  </ItemGroup>
  <ItemGroup>
    <ClCompile Include="..\..\..\..\source\cdraw\cdrawPlatform.c">
      <Filter>Source Files</Filter>
    </ClCompile>
    <ClCompile Include="..\..\..\..\source\cdraw\cdrawPlatform\_Windows\cdrawConsole_win.c">
      <Filter>Source Files\_Windows</Filter>
    </ClCompile>
    <ClCompile Include="..\..\..\..\source\cdraw\cdrawPlatform\_Windows\cdrawPlugin_win.c">
      <Filter>Source Files\_Windows</Filter>
    </ClCompile>
    <ClCompile Include="..\..\..\..\source\cdraw\cdrawPlatform\_Windows\cdrawTimer_win.c">
      <Filter>Source Files\_Windows</Filter>
    </ClCompile>
    <ClCompile Include="..\..\..\..\source\cdraw\cdrawPlatform\common\cdrawPlugin.c">
      <Filter>Source Files\common</Filter>
    </ClCompile>
    <ClCompile Include="..\..\..\..\source\cdraw\cdrawPlatform\common\cdrawTimer.c">
      <Filter>Source Files\common</Filter>
    </ClCompile>
    <ClCompile Include="..\..\..\..\source\cdraw\cdrawPlatform\_Windows\cdrawWindow_win.c">
      <Filter>Source Files\_Windows</Filter>
    </ClCompile>
    <ClCompile Include="..\..\..\..\source\cdraw\cdrawPlatform\_Windows\cdrawWindow_win_pdb.c">
      <Filter>Source Files\_Windows</Filter>
    </ClCompile>
  </ItemGroup>
  <ItemGroup>
    <ClInclude Include="..\..\..\..\include\cdraw\cdrawPlatform.h">
      <Filter>Header Files</Filter>
    </ClInclude>
    <ClInclude Include="..\..\..\..\include\cdraw\cdrawPlatform\cdrawConsole.h">
      <Filter>Header Files\cdrawPlatform</Filter>
    </ClInclude>
    <ClInclude Include="..\..\..\..\include\cdraw\cdrawPlatform\cdrawInput.h">
      <Filter>Header Files\cdrawPlatform</Filter>
    </ClInclude>
    <ClInclude Include="..\..\..\..\include\cdraw\cdrawPlatform\cdrawPlugin.h">
      <Filter>Header Files\cdrawPlatform</Filter>
    </ClInclude>
    <ClInclude Include="..\..\..\..\include\cdraw\cdrawPlatform\cdrawRenderer.h">
      <Filter>Header Files\cdrawPlatform</Filter>
    </ClInclude>
    <ClInclude Include="..\..\..\..\include\cdraw\cdrawPlatform\cdrawTimer.h">
      <Filter>Header Files\cdrawPlatform</Filter>
    </ClInclude>
    <ClInclude Include="..\..\..\..\include\cdraw\cdrawPlatform\cdrawWindow.h">
      <Filter>Header Files\cdrawPlatform</Filter>
    </ClInclude>
  </ItemGroup>
</Project>