<?xml version="1.0" encoding="utf-8"?>
<Project ToolsVersion="4.0" xmlns="http://schemas.microsoft.com/developer/msbuild/2003">
  <ItemGroup>
    <Filter Include="Source Files">
      <UniqueIdentifier>{4FC737F1-C7A5-4376-A066-2A32D752A2FF}</UniqueIdentifier>
      <Extensions>cpp;c;cc;cxx;c++;cppm;ixx;def;odl;idl;hpj;bat;asm;asmx</Extensions>
    </Filter>
    <Filter Include="Header Files">
      <UniqueIdentifier>{93995380-89BD-4b04-88EB-625FBE52EBFB}</UniqueIdentifier>
      <Extensions>h;hh;hpp;hxx;h++;hm;inl;inc;ipp;xsd</Extensions>
    </Filter>
    <Filter Include="Resource Files">
      <UniqueIdentifier>{67DA6AB6-F800-4c08-8B7A-83BB121AAD01}</UniqueIdentifier>
      <Extensions>rc;ico;cur;bmp;dlg;rc2;rct;bin;rgs;gif;jpg;jpeg;jpe;resx;tiff;tif;png;wav;mfcribbon-ms</Extensions>
    </Filter>
    <Filter Include="Source Files\_Windows">
      <UniqueIdentifier>{35608337-61ab-4bc8-b5f1-0c726693f3cb}</UniqueIdentifier>
    </Filter>
    <Filter Include="Source Files\common">
      <UniqueIdentifier>{62f05ce8-5738-42fa-8d5a-9dd3d964a62f}</UniqueIdentifier>
    </Filter>
    <Filter Include="Header Files\cdrawPlatform">
      <UniqueIdentifier>{a00cd3a0-c16d-4c02-81ae-2070281495d8}</UniqueIdentifier>
    </Filter>
    <Filter Include="Source Files\_Windows\cdrawRenderer_win">
      <UniqueIdentifier>{81720451-ef16-459c-aa59-24774c648b96}</UniqueIdentifier>
    </Filter>
    <Filter Include="Source Files\common\cdrawRenderer">
      <UniqueIdentifier>{cf8ce075-5101-4f8e-8032-a7bd4a479b46}</UniqueIdentifier>
    </Filter>
    <Filter Include="Header Files\cdrawPlatform\_inl">
      <UniqueIdentifier>{b9b39e4f-f7fc-417b-9058-ceb94dc33b75}</UniqueIdentifier>
    </Filter>
    <Filter Include="Header Files\cdrawPlatform\cdrawRenderer">
      <UniqueIdentifier>{210ee96e-fe85-4894-aa29-bfc5b3e8138f}</UniqueIdentifier>
    </Filter>
    <Filter Include="Header Files\cdrawPlatform\_inl\cdrawRenderer">
      <UniqueIdentifier>{46b13543-e926-4680-9105-58a25ffe0e16}</UniqueIdentifier>
    </Filter>
    <Filter Include="Source Files\_Windows\cdrawRenderer_win\cdrawRenderer_win_vk">
      <UniqueIdentifier>{0f381bf5-7c2c-4923-aade-4ea4861f019e}</UniqueIdentifier>
    </Filter>
    <Filter Include="Source Files\common\cdrawRenderer\cdrawRenderer_vk">
      <UniqueIdentifier>{45799358-fe82-47dc-8738-a5385cf39ff4}</UniqueIdentifier>
    </Filter>
    <Filter Include="Source Files\common\cdrawRenderer\cdrawRenderer_vk\_h">
      <UniqueIdentifier>{d33a499f-c56a-4a96-94c6-4e90b92bc0c9}</UniqueIdentifier>
    </Filter>
    <Filter Include="Source Files\common\cdrawRenderer\cdrawRenderer_vk\_h\cdrawRenderer_vk">
      <UniqueIdentifier>{bfadea2f-1277-4a8b-bba4-0f3ce04e9e14}</UniqueIdentifier>
    </Filter>
  </ItemGroup>
  <ItemGroup>
    <ClCompile Include="..\..\..\..\source\cdraw\cdrawPlatform.c">
      <Filter>Source Files</Filter>
    </ClCompile>
    <ClCompile Include="..\..\..\..\source\cdraw\cdrawPlatform\_Windows\cdrawConsole_win.c">
      <Filter>Source Files\_Windows</Filter>
    </ClCompile>
    <ClCompile Include="..\..\..\..\source\cdraw\cdrawPlatform\_Windows\cdrawPlugin_win.c">
      <Filter>Source Files\_Windows</Filter>
    </ClCompile>
    <ClCompile Include="..\..\..\..\source\cdraw\cdrawPlatform\_Windows\cdrawTimer_win.c">
      <Filter>Source Files\_Windows</Filter>
    </ClCompile>
    <ClCompile Include="..\..\..\..\source\cdraw\cdrawPlatform\common\cdrawPlugin.c">
      <Filter>Source Files\common</Filter>
    </ClCompile>
    <ClCompile Include="..\..\..\..\source\cdraw\cdrawPlatform\common\cdrawTimer.c">
      <Filter>Source Files\common</Filter>
    </ClCompile>
    <ClCompile Include="..\..\..\..\source\cdraw\cdrawPlatform\_Windows\cdrawWindow_win.c">
      <Filter>Source Files\_Windows</Filter>
    </ClCompile>
    <ClCompile Include="..\..\..\..\source\cdraw\cdrawPlatform\_Windows\cdrawWindow_win_pdb.c">
      <Filter>Source Files\_Windows</Filter>
    </ClCompile>
    <ClCompile Include="..\..\..\..\source\cdraw\cdrawPlatform\_Windows\cdrawRenderer_win.c">
      <Filter>Source Files\_Windows</Filter>
    </ClCompile>
    <ClCompile Include="..\..\..\..\source\cdraw\cdrawPlatform\_Windows\cdrawRenderer_win\cdrawRenderer_win_sw.c">
      <Filter>Source Files\_Windows\cdrawRenderer_win</Filter>
    </ClCompile>
    <ClCompile Include="..\..\..\..\source\cdraw\cdrawPlatform\_Windows\cdrawRenderer_win\cdrawRenderer_win_vk.c">
      <Filter>Source Files\_Windows\cdrawRenderer_win</Filter>
    </ClCompile>
    <ClCompile Include="..\..\..\..\source\cdraw\cdrawPlatform\_Windows\cdrawRenderer_win\cdrawRenderer_win_d3d.c">
      <Filter>Source Files\_Windows\cdrawRenderer_win</Filter>
    </ClCompile>
    <ClCompile Include="..\..\..\..\source\cdraw\cdrawPlatform\_Windows\cdrawRenderer_win\cdrawRenderer_win_gl.c">
      <Filter>Source Files\_Windows\cdrawRenderer_win</Filter>
    </ClCompile>
    <ClCompile Include="..\..\..\..\source\cdraw\cdrawPlatform\common\cdrawRenderer\cdrawRenderer_sw.c">
      <Filter>Source Files\common\cdrawRenderer</Filter>
    </ClCompile>
    <ClCompile Include="..\..\..\..\source\cdraw\cdrawPlatform\common\cdrawRenderer\cdrawRenderer_vk.c">
      <Filter>Source Files\common\cdrawRenderer</Filter>
    </ClCompile>
    <ClCompile Include="..\..\..\..\source\cdraw\cdrawPlatform\common\cdrawRenderer\cdrawRenderer_gl.c">
      <Filter>Source Files\common\cdrawRenderer</Filter>
    </ClCompile>
    <ClCompile Include="..\..\..\..\source\cdraw\cdrawPlatform\common\cdrawRenderer\cdrawRenderer_vk\cdrawRendererImage_vk.c">
      <Filter>Source Files\common\cdrawRenderer\cdrawRenderer_vk</Filter>
    </ClCompile>
    <ClCompile Include="..\..\..\..\source\cdraw\cdrawPlatform\common\cdrawRenderer\cdrawRenderer_vk\cdrawRendererMemory_vk.c">
      <Filter>Source Files\common\cdrawRenderer\cdrawRenderer_vk</Filter>
    </ClCompile>
    <ClCompile Include="..\..\..\..\source\cdraw\cdrawPlatform\common\cdrawRenderer\cdrawRenderer_vk\cdrawRendererPresentation_vk.c">
      <Filter>Source Files\common\cdrawRenderer\cdrawRenderer_vk</Filter>
    </ClCompile>
    <ClCompile Include="..\..\..\..\source\cdraw\cdrawPlatform\_Windows\cdrawRenderer_win\cdrawRenderer_win_vk\cdrawRendererPresentation_win_vk.c">
      <Filter>Source Files\_Windows\cdrawRenderer_win\cdrawRenderer_win_vk</Filter>
    </ClCompile>
    <ClCompile Include="..\..\..\..\source\cdraw\cdrawPlatform\common\cdrawRenderer\cdrawRenderer_vk\cdrawRendererDevice_vk.c">
      <Filter>Source Files\common\cdrawRenderer\cdrawRenderer_vk</Filter>
    </ClCompile>
    <ClCompile Include="..\..\..\..\source\cdraw\cdrawPlatform\common\cdrawRenderer\cdrawRenderer_vk\cdrawRendererInstance_vk.c">
      <Filter>Source Files\common\cdrawRenderer\cdrawRenderer_vk</Filter>
    </ClCompile>
    <ClCompile Include="..\..\..\..\source\cdraw\cdrawPlatform\common\cdrawRenderer\cdrawRenderer_vk\cdrawRendererDebug_vk.c">
      <Filter>Source Files\common\cdrawRenderer\cdrawRenderer_vk</Filter>
    </ClCompile>
  </ItemGroup>
  <ItemGroup>
    <ClInclude Include="..\..\..\..\include\cdraw\cdrawPlatform.h">
      <Filter>Header Files</Filter>
    </ClInclude>
    <ClInclude Include="..\..\..\..\include\cdraw\cdrawPlatform\cdrawConsole.h">
      <Filter>Header Files\cdrawPlatform</Filter>
    </ClInclude>
    <ClInclude Include="..\..\..\..\include\cdraw\cdrawPlatform\cdrawInput.h">
      <Filter>Header Files\cdrawPlatform</Filter>
    </ClInclude>
    <ClInclude Include="..\..\..\..\include\cdraw\cdrawPlatform\cdrawPlugin.h">
      <Filter>Header Files\cdrawPlatform</Filter>
    </ClInclude>
    <ClInclude Include="..\..\..\..\include\cdraw\cdrawPlatform\cdrawRenderer.h">
      <Filter>Header Files\cdrawPlatform</Filter>
    </ClInclude>
    <ClInclude Include="..\..\..\..\include\cdraw\cdrawPlatform\cdrawTimer.h">
      <Filter>Header Files\cdrawPlatform</Filter>
    </ClInclude>
    <ClInclude Include="..\..\..\..\include\cdraw\cdrawPlatform\cdrawWindow.h">
      <Filter>Header Files\cdrawPlatform</Filter>
    </ClInclude>
    <ClInclude Include="..\..\..\..\source\cdraw\cdrawPlatform\common\cdrawRenderer\cdrawRenderer_vk\_h\cdrawRenderer_vk.h">
      <Filter>Source Files\common\cdrawRenderer\cdrawRenderer_vk\_h</Filter>
    </ClInclude>
    <ClInclude Include="..\..\..\..\source\cdraw\cdrawPlatform\common\cdrawRenderer\cdrawRenderer_vk\_h\cdrawRenderer_vk\cdrawRendererInstance_vk.h">
      <Filter>Source Files\common\cdrawRenderer\cdrawRenderer_vk\_h\cdrawRenderer_vk</Filter>
    </ClInclude>
    <ClInclude Include="..\..\..\..\source\cdraw\cdrawPlatform\common\cdrawRenderer\cdrawRenderer_vk\_h\cdrawRenderer_vk\cdrawRendererDevice_vk.h">
      <Filter>Source Files\common\cdrawRenderer\cdrawRenderer_vk\_h\cdrawRenderer_vk</Filter>
    </ClInclude>
    <ClInclude Include="..\..\..\..\source\cdraw\cdrawPlatform\common\cdrawRenderer\cdrawRenderer_vk\_h\cdrawRenderer_vk\cdrawRendererDebug_vk.h">
      <Filter>Source Files\common\cdrawRenderer\cdrawRenderer_vk\_h\cdrawRenderer_vk</Filter>
    </ClInclude>
    <ClInclude Include="..\..\..\..\source\cdraw\cdrawPlatform\common\cdrawRenderer\cdrawRenderer_vk\_h\cdrawRenderer_vk\cdrawRendererImage_vk.h">
      <Filter>Source Files\common\cdrawRenderer\cdrawRenderer_vk\_h\cdrawRenderer_vk</Filter>
    </ClInclude>
    <ClInclude Include="..\..\..\..\source\cdraw\cdrawPlatform\common\cdrawRenderer\cdrawRenderer_vk\_h\cdrawRenderer_vk\cdrawRendererMemory_vk.h">
      <Filter>Source Files\common\cdrawRenderer\cdrawRenderer_vk\_h\cdrawRenderer_vk</Filter>
    </ClInclude>
    <ClInclude Include="..\..\..\..\source\cdraw\cdrawPlatform\common\cdrawRenderer\cdrawRenderer_vk\_h\cdrawRenderer_vk\cdrawRendererPresentation_vk.h">
      <Filter>Source Files\common\cdrawRenderer\cdrawRenderer_vk\_h\cdrawRenderer_vk</Filter>
    </ClInclude>
  </ItemGroup>
  <ItemGroup>
    <None Include="..\..\..\..\include\cdraw\cdrawPlatform\_inl\cdrawRenderer.inl">
      <Filter>Header Files\cdrawPlatform\_inl</Filter>
    </None>
  </ItemGroup>
</Project>